
Microsoft Visual Studio Solution File, Format Version 11.00
# Visual Studio 2010
Project("{8BC9CEB8-8B4A-11D0-8D11-00A0C91BC942}") = "WinPdfEmf", "WinPdfEmf\WinPdfEmf.vcxproj", "{68C99E95-F410-4BAE-92E4-7E22739C6139}"
EndProject
Global
	GlobalSection(SolutionConfigurationPlatforms) = preSolution
		Debug|Win32 = Debug|Win32
		Release|Win32 = Release|Win32
	EndGlobalSection
	GlobalSection(ProjectConfigurationPlatforms) = postSolution
		{68C99E95-F410-4BAE-92E4-7E22739C6139}.Debug|Win32.ActiveCfg = Debug|Win32
		{68C99E95-F410-4BAE-92E4-7E22739C6139}.Debug|Win32.Build.0 = Debug|Win32
		{68C99E95-F410-4BAE-92E4-7E22739C6139}.Release|Win32.ActiveCfg = Release|Win32
		{68C99E95-F410-4BAE-92E4-7E22739C6139}.Release|Win32.Build.0 = Release|Win32
	EndGlobalSection
	GlobalSection(SolutionProperties) = preSolution
		HideSolutionNode = FALSE
	EndGlobalSection
EndGlobal
